
Microsoft Visual Studio Solution File, Format Version 12.00
# Visual Studio Version 17
VisualStudioVersion = 17.3.32901.215
MinimumVisualStudioVersion = 10.0.40219.1
Project("{FAE04EC0-301F-11D3-BF4B-00C04F79EFBC}") = "MyConsoleApp", "MyConsoleApp.csproj", "{2EC53854-C499-4D86-BD00-12A7EFF0524B}"
EndProject
Global
	GlobalSection(SolutionConfigurationPlatforms) = preSolution
		Debug|Any CPU = Debug|Any CPU
		Release|Any CPU = Release|Any CPU
	EndGlobalSection
	GlobalSection(ProjectConfigurationPlatforms) = postSolution
		{2EC53854-C499-4D86-BD00-12A7EFF0524B}.Debug|Any CPU.ActiveCfg = Debug|Any CPU
		{2EC53854-C499-4D86-BD00-12A7EFF0524B}.Debug|Any CPU.Build.0 = Debug|Any CPU
		{2EC53854-C499-4D86-BD00-12A7EFF0524B}.Release|Any CPU.ActiveCfg = Release|Any CPU
		{2EC53854-C499-4D86-BD00-12A7EFF0524B}.Release|Any CPU.Build.0 = Release|Any CPU
	EndGlobalSection
	GlobalSection(SolutionProperties) = preSolution
		HideSolutionNode = FALSE
	EndGlobalSection
	GlobalSection(ExtensibilityGlobals) = postSolution
		SolutionGuid = {5862AA44-71F7-4A1F-85E6-B95E849A64C7}
	EndGlobalSection
EndGlobal
